
Microsoft Visual Studio Solution File, Format Version 12.00
# Visual Studio Version 17
VisualStudioVersion = 17.11.35312.102
MinimumVisualStudioVersion = 10.0.40219.1
Project("{FAE04EC0-301F-11D3-BF4B-00C04F79EFBC}") = "ECommerceMVC", "ECommerceMVC\ECommerceMVC.csproj", "{BEB73AFF-6521-4BEE-8CDD-BE9A0535E6B8}"
EndProject
Global
	GlobalSection(SolutionConfigurationPlatforms) = preSolution
		Debug|Any CPU = Debug|Any CPU
		Release|Any CPU = Release|Any CPU
	EndGlobalSection
	GlobalSection(ProjectConfigurationPlatforms) = postSolution
		{BEB73AFF-6521-4BEE-8CDD-BE9A0535E6B8}.Debug|Any CPU.ActiveCfg = Debug|Any CPU
		{BEB73AFF-6521-4BEE-8CDD-BE9A0535E6B8}.Debug|Any CPU.Build.0 = Debug|Any CPU
		{BEB73AFF-6521-4BEE-8CDD-BE9A0535E6B8}.Release|Any CPU.ActiveCfg = Release|Any CPU
		{BEB73AFF-6521-4BEE-8CDD-BE9A0535E6B8}.Release|Any CPU.Build.0 = Release|Any CPU
	EndGlobalSection
	GlobalSection(SolutionProperties) = preSolution
		HideSolutionNode = FALSE
	EndGlobalSection
	GlobalSection(ExtensibilityGlobals) = postSolution
		SolutionGuid = {31A53DD3-4C20-4600-B652-AFAA8F6E396F}
	EndGlobalSection
EndGlobal
